// !$*UTF8*$!
{
	archiveVersion = 1;
	classes = {
	};
	objectVersion = 77;
	objects = {

/* Begin PBXBuildFile section */
		05A286EA78BDDDE99AEDA473 /* TaisetsuWidget.appex in Embed Foundation Extensions */ = {isa = PBXBuildFile; fileRef = 41AE6EF312DD4D4D4C9F2BA5 /* TaisetsuWidget.appex */; settings = {ATTRIBUTES = (RemoveHeadersOnCopy, ); }; };
		090520931B5F2C1F25BC6CF9 /* ReconciliationCoordinator.swift in Sources */ = {isa = PBXBuildFile; fileRef = C6802C05292DA1BC8665F8DF /* ReconciliationCoordinator.swift */; };
		0A7C0A5BE3176B4BC7B04E9A /* OccurrenceCalculatorTests.swift in Sources */ = {isa = PBXBuildFile; fileRef = BC9CB43C0E49556B9176180B /* OccurrenceCalculatorTests.swift */; };
		11A5C501E14F5517D5C570E5 /* TaisetsuCore.framework in Frameworks */ = {isa = PBXBuildFile; fileRef = 519ED232110A050B623F9CED /* TaisetsuCore.framework */; };
		19FC41034D9F18DF8DE31DD3 /* AppDependencies.swift in Sources */ = {isa = PBXBuildFile; fileRef = 56282D9381B042DCA2F2AB5E /* AppDependencies.swift */; };
		1A3489315A91C1C2053D74E9 /* TaisetsuCore.framework in Frameworks */ = {isa = PBXBuildFile; fileRef = 519ED232110A050B623F9CED /* TaisetsuCore.framework */; };
		21852232F07E99DB5F7FE501 /* AnniversaryRepositoryTests.swift in Sources */ = {isa = PBXBuildFile; fileRef = A37D0363C47516543230C307 /* AnniversaryRepositoryTests.swift */; };
		23387F65C27521E778FBA1E3 /* InfoPlist.xcstrings in Resources */ = {isa = PBXBuildFile; fileRef = 5D9D076BB8A9D4A57A3C82C1 /* InfoPlist.xcstrings */; };
		24100EECB5B5085B8C9ED58A /* AnniversaryOrdering.swift in Sources */ = {isa = PBXBuildFile; fileRef = E6C4E4461ED869A2DFF71D18 /* AnniversaryOrdering.swift */; };
		29183FE758B91A1A12F2D257 /* CategoryTagManagementTests.swift in Sources */ = {isa = PBXBuildFile; fileRef = F3C378B434AF0386388C4684 /* CategoryTagManagementTests.swift */; };
		29A2DF99291A87907D3FB747 /* CalendarSyncScope.swift in Sources */ = {isa = PBXBuildFile; fileRef = 060D7E60855C866A23284206 /* CalendarSyncScope.swift */; };
		2DCAD6C8EB7D821113BBBA68 /* ReminderRuleModel.swift in Sources */ = {isa = PBXBuildFile; fileRef = AF24A61D0D9A58F81DAFB399 /* ReminderRuleModel.swift */; };
		36A49DC666FF21C846E1AD3A /* CalendarExportService.swift in Sources */ = {isa = PBXBuildFile; fileRef = 643D6499EF4FE4A44A9E9A17 /* CalendarExportService.swift */; };
		36A87A1D902063C8269188F5 /* Assets.xcassets in Resources */ = {isa = PBXBuildFile; fileRef = 88DC195694EFE7A8CBB9E40E /* Assets.xcassets */; };
		37434D6AF44E9B70B4664B74 /* CalendarAutoSyncServiceTests.swift in Sources */ = {isa = PBXBuildFile; fileRef = 0000484DBC608326AB900B24 /* CalendarAutoSyncServiceTests.swift */; };
		399F2C08D277E643A5628CF3 /* ReminderSchedulerTests.swift in Sources */ = {isa = PBXBuildFile; fileRef = 49A5CE5E2C5D0448FA518702 /* ReminderSchedulerTests.swift */; };
		3D473EF337384CB5B6B968B7 /* TaisetsuUITests.swift in Sources */ = {isa = PBXBuildFile; fileRef = 2D15D45C6CD2E4E0DF58E6AD /* TaisetsuUITests.swift */; };
		41E1FA37B50D8E91C42F3015 /* Occurrence.swift in Sources */ = {isa = PBXBuildFile; fileRef = 1D3C12E1B8D9FBE6BF72149E /* Occurrence.swift */; };
		451322F0897AAC890F61494C /* CategoryTagSection.swift in Sources */ = {isa = PBXBuildFile; fileRef = C27BCBBF9D46EC1A75C50C37 /* CategoryTagSection.swift */; };
		467C35E6C00FBD65941B5C00 /* AnniversaryHeroCard.swift in Sources */ = {isa = PBXBuildFile; fileRef = C76A73D97DEE7464F00F62EC /* AnniversaryHeroCard.swift */; };
		4E9D8D5FEDD70FC7A22D95F8 /* CalendarSyncModel.swift in Sources */ = {isa = PBXBuildFile; fileRef = F515A07A11D36F9B9DFAB6E4 /* CalendarSyncModel.swift */; };
		52F67F501D11D476E763E208 /* TaisetsuUITestsLaunchTests.swift in Sources */ = {isa = PBXBuildFile; fileRef = 456877AE91E39DE21B1979A9 /* TaisetsuUITestsLaunchTests.swift */; };
		55151610E74B99421A31E117 /* Localizable.xcstrings in Resources */ = {isa = PBXBuildFile; fileRef = B225896D0D0C10EBCF7BA69B /* Localizable.xcstrings */; };
		556A29F7EA548854A42E17F6 /* TaisetsuCore.framework in Frameworks */ = {isa = PBXBuildFile; fileRef = 519ED232110A050B623F9CED /* TaisetsuCore.framework */; };
		58335A400259A53B4124BD36 /* AnniversaryFilter.swift in Sources */ = {isa = PBXBuildFile; fileRef = 0D5BF5CEB338E7FCFD3E74B7 /* AnniversaryFilter.swift */; };
		5CECA292EB056DA23375FAC6 /* AnniversaryFilterTests.swift in Sources */ = {isa = PBXBuildFile; fileRef = 402FBBAB24EEB8917B5798E1 /* AnniversaryFilterTests.swift */; };
		5F89CB34BECC58E68ED5027A /* CalendarKind.swift in Sources */ = {isa = PBXBuildFile; fileRef = 1AD4A316942C878FFDFE37C2 /* CalendarKind.swift */; };
		682007556D0828D7BD245395 /* AnniversaryOrderingTests.swift in Sources */ = {isa = PBXBuildFile; fileRef = 80807386AE478698990FED4E /* AnniversaryOrderingTests.swift */; };
		71AF62E576A432F4065F8594 /* HomeView.swift in Sources */ = {isa = PBXBuildFile; fileRef = 17576E25CD9DD6F1522A7EF5 /* HomeView.swift */; };
		724C7DC69A937D55665256B3 /* AppLocalization.swift in Sources */ = {isa = PBXBuildFile; fileRef = A8DE0ACB03370A93140EA1EA /* AppLocalization.swift */; };
		74D067A4C9CA6D7D4B1FF51B /* WidgetSnapshotStoreTests.swift in Sources */ = {isa = PBXBuildFile; fileRef = C44E53B8348705849BF35B75 /* WidgetSnapshotStoreTests.swift */; };
		77DD0E43E89E18B257C0C6DF /* AnniversaryEditorViewModel.swift in Sources */ = {isa = PBXBuildFile; fileRef = 33DEFBE148035914CE7CF344 /* AnniversaryEditorViewModel.swift */; };
		7A2846CCAC81D1ADF6887EF3 /* DefaultCategorySeeder.swift in Sources */ = {isa = PBXBuildFile; fileRef = 3D9E9B95A9EA28D9FBB01A3C /* DefaultCategorySeeder.swift */; };
		7C3FD280C67613E7761C690C /* CategoryModel.swift in Sources */ = {isa = PBXBuildFile; fileRef = C8FB50F53853C590054BCE2B /* CategoryModel.swift */; };
		7C7044F35938D05E17627820 /* WidgetSnapshot.swift in Sources */ = {isa = PBXBuildFile; fileRef = F184031FBF501303A765AC2C /* WidgetSnapshot.swift */; };
		82B79F462A7F3E653FA1DEC3 /* AnniversaryDraft.swift in Sources */ = {isa = PBXBuildFile; fileRef = 510F0D80480D20F21D0ED775 /* AnniversaryDraft.swift */; };
		84EF2089CD2404E49317FD7C /* AnniversaryRow.swift in Sources */ = {isa = PBXBuildFile; fileRef = 4B237A814B0DFFB30FA05055 /* AnniversaryRow.swift */; };
		8559266BD2C304AA74B8FB2D /* CalendarSyncRepository.swift in Sources */ = {isa = PBXBuildFile; fileRef = 01B78AD0102437505397A68E /* CalendarSyncRepository.swift */; };
		8A4A6F43414237201094F81D /* WidgetSnapshotStore.swift in Sources */ = {isa = PBXBuildFile; fileRef = 0A89850B8CDB62D7C28FC41D /* WidgetSnapshotStore.swift */; };
		8A8575C564CB1B6313FFA6AC /* AppConfiguration.swift in Sources */ = {isa = PBXBuildFile; fileRef = 09AD505E3C2FBC4D8EA064F5 /* AppConfiguration.swift */; };
		8E80724D418BF49BDE0DD756 /* TaisetsuWidgetBundle.swift in Sources */ = {isa = PBXBuildFile; fileRef = F0DFD7ECF34B72EFFD784551 /* TaisetsuWidgetBundle.swift */; };
		9648C1215712CFDF205D7F6B /* TaisetsuWidget.swift in Sources */ = {isa = PBXBuildFile; fileRef = D8D0CE5CB02D502F3D98073F /* TaisetsuWidget.swift */; };
		965C169514B68E1341C4C454 /* AnniversaryEditorView.swift in Sources */ = {isa = PBXBuildFile; fileRef = 625A5338763E900A55394767 /* AnniversaryEditorView.swift */; };
		990000A1E8C8982218591032 /* ReminderScheduler.swift in Sources */ = {isa = PBXBuildFile; fileRef = 54D3598116DCFA8CBCA01E70 /* ReminderScheduler.swift */; };
		99C6FE85767732F0603B3E55 /* CalendarView.swift in Sources */ = {isa = PBXBuildFile; fileRef = 79B7F2B07F421792B2F135D0 /* CalendarView.swift */; };
		9BE468192B4DB810B9B1DB6C /* TagModel.swift in Sources */ = {isa = PBXBuildFile; fileRef = C5EF5BB448DBE5B05EBD8C47 /* TagModel.swift */; };
		9CEBA90636874E332A5A7768 /* Localizable.xcstrings in Resources */ = {isa = PBXBuildFile; fileRef = DB5DC85C1691B615DF109360 /* Localizable.xcstrings */; };
		A324676D8A70F52A6070FAE5 /* ReminderSection.swift in Sources */ = {isa = PBXBuildFile; fileRef = E1D1B3E3E6761FAABEDC2308 /* ReminderSection.swift */; };
		A9E9F51F0A716BD55834EC95 /* TaisetsuCore.framework in Embed Frameworks */ = {isa = PBXBuildFile; fileRef = 519ED232110A050B623F9CED /* TaisetsuCore.framework */; settings = {ATTRIBUTES = (CodeSignOnCopy, RemoveHeadersOnCopy, ); }; };
		ABC06A3C8DEFA15B25EFD93C /* CalendarSyncScopeTests.swift in Sources */ = {isa = PBXBuildFile; fileRef = F542073368BA1E7D08E2506A /* CalendarSyncScopeTests.swift */; };
		ABEC3693C69A8BF50A628B1C /* CalendarSyncPromptCoordinator.swift in Sources */ = {isa = PBXBuildFile; fileRef = 7638083456DD3B6B92FE4058 /* CalendarSyncPromptCoordinator.swift */; };
		AFF33552FA4F4EC97A846CB0 /* AnniversaryRecord.swift in Sources */ = {isa = PBXBuildFile; fileRef = C0F47F8A765BAD180833F9EC /* AnniversaryRecord.swift */; };
		B097B20758DF608C8CF1A700 /* AnniversaryDetailView.swift in Sources */ = {isa = PBXBuildFile; fileRef = 0E95C4FA01263842F30510C8 /* AnniversaryDetailView.swift */; };
		B26C64750817AE9D824A5949 /* SettingsView.swift in Sources */ = {isa = PBXBuildFile; fileRef = 67D9A2917CB9B9AFE6E08EAC /* SettingsView.swift */; };
		B410C25AD4F94FA8432E148E /* TagManagerView.swift in Sources */ = {isa = PBXBuildFile; fileRef = 6C1DA5EA009F42B936AC114B /* TagManagerView.swift */; };
		B561D576904A0BA18F88DB0A /* TaisetsuWidgetView.swift in Sources */ = {isa = PBXBuildFile; fileRef = D20A484F411633EFBF9099D7 /* TaisetsuWidgetView.swift */; };
		B6649AE0EA4A5779C180E534 /* AnniversaryRepository.swift in Sources */ = {isa = PBXBuildFile; fileRef = 76F8ED5F5EB3D6A69D62FCEE /* AnniversaryRepository.swift */; };
		BC1CA20A67E3AD48897C5306 /* ReminderSpec.swift in Sources */ = {isa = PBXBuildFile; fileRef = 546E9E92BAB9C336727DDCEF /* ReminderSpec.swift */; };
		BC79E0E63BED272F124BE489 /* RecurrenceSection.swift in Sources */ = {isa = PBXBuildFile; fileRef = 634BDE1E74BE6838D844521B /* RecurrenceSection.swift */; };
		BDCADEE41E853018713B14C0 /* CategoryManagerView.swift in Sources */ = {isa = PBXBuildFile; fileRef = 3BAE9C43219E756994A1963C /* CategoryManagerView.swift */; };
		BE78D827884B8E3EEA986D4E /* DisplayMode.swift in Sources */ = {isa = PBXBuildFile; fileRef = F89F16163023053D7FFC09AA /* DisplayMode.swift */; };
		BF21F571CCDA0AD2F6E02DF9 /* PrivacyInfo.xcprivacy in Resources */ = {isa = PBXBuildFile; fileRef = 670E5922A8BC1A97C29C61B4 /* PrivacyInfo.xcprivacy */; };
		C10759871A7CFAA3B2664002 /* CalendarAutoSyncService.swift in Sources */ = {isa = PBXBuildFile; fileRef = CBAC91A4EEBABAB2007567D0 /* CalendarAutoSyncService.swift */; };
		C17AECF59266C6C1D8CB698D /* TaisetsuApp.swift in Sources */ = {isa = PBXBuildFile; fileRef = 9BCA12C8DDDA44315188EA58 /* TaisetsuApp.swift */; };
		C37294C9F6163C8838FB5395 /* CalendarExportServiceTests.swift in Sources */ = {isa = PBXBuildFile; fileRef = 147F7447C0800A1EEE1DD24C /* CalendarExportServiceTests.swift */; };
		C6FEDD1137F11C0091D8E1D0 /* ProjectFoundationTests.swift in Sources */ = {isa = PBXBuildFile; fileRef = 270CAE768696E1CB8124E386 /* ProjectFoundationTests.swift */; };
		C8F41CB7D4E2CF4EA81E1556 /* RecurrenceRule.swift in Sources */ = {isa = PBXBuildFile; fileRef = D0EF84685DA46417B7516939 /* RecurrenceRule.swift */; };
		CB459CBFBAD5CAB2CD36DBD8 /* AnniversaryModel.swift in Sources */ = {isa = PBXBuildFile; fileRef = 2FB38373AE1E41459DA45883 /* AnniversaryModel.swift */; };
		CC88F81938AC52427C4D4571 /* CategoryStyle.swift in Sources */ = {isa = PBXBuildFile; fileRef = C828C0DCA003C8A32C15F8CA /* CategoryStyle.swift */; };
		CE7CAE96D645596B761EAA8D /* NotificationCenterClient.swift in Sources */ = {isa = PBXBuildFile; fileRef = 3B6DA1DB90AF2AEF639C99A8 /* NotificationCenterClient.swift */; };
		CEB42D178570E9F392A1BF3F /* EventStoreClient.swift in Sources */ = {isa = PBXBuildFile; fileRef = FA8928A71551CE885B6ED576 /* EventStoreClient.swift */; };
		D7568B8B10DED9828A0434F2 /* TaisetsuWidgetEntry.swift in Sources */ = {isa = PBXBuildFile; fileRef = 646338D03992861510DD0127 /* TaisetsuWidgetEntry.swift */; };
		D909814C12518503006852D6 /* CalendarSyncBackoffTests.swift in Sources */ = {isa = PBXBuildFile; fileRef = 8F61AF3EE7D84B41A23F1B80 /* CalendarSyncBackoffTests.swift */; };
		DA0B9DFE1F781C96F7DE7D1C /* AppRootView.swift in Sources */ = {isa = PBXBuildFile; fileRef = 8D64FEB5898AC3C67D352650 /* AppRootView.swift */; };
		DBDEEC1D7A45B7D1A4DC5368 /* WidgetSelectionTests.swift in Sources */ = {isa = PBXBuildFile; fileRef = 3D3636207E9AC274AD8DA834 /* WidgetSelectionTests.swift */; };
		E5FA2B4E38A9F54CB0985DB8 /* HomeViewModelTests.swift in Sources */ = {isa = PBXBuildFile; fileRef = 22459E7075D42374C5E29AF4 /* HomeViewModelTests.swift */; };
		E7B372FCAAF17694ED85CC21 /* HomeViewModel.swift in Sources */ = {isa = PBXBuildFile; fileRef = C14D73CB04BB666008634279 /* HomeViewModel.swift */; };
		E8F6FE98C69AD63BAA1A9BF4 /* AnniversaryFormatters.swift in Sources */ = {isa = PBXBuildFile; fileRef = 7F69B4DC39765EEFA92BFCF9 /* AnniversaryFormatters.swift */; };
		E9773AF27C5B30DE33EE0056 /* DateRuleSection.swift in Sources */ = {isa = PBXBuildFile; fileRef = 1C6D8BE3CA82386B476D1A35 /* DateRuleSection.swift */; };
		EE0D99F1D5FBAD10750E9C23 /* OccurrenceCalculator.swift in Sources */ = {isa = PBXBuildFile; fileRef = 93E657D6B5409B0C726B7FA5 /* OccurrenceCalculator.swift */; };
		F215DDF796DEAFABD37378F8 /* DefaultCategorySeederTests.swift in Sources */ = {isa = PBXBuildFile; fileRef = 6FBEB42C3EF0A9CCE4E89319 /* DefaultCategorySeederTests.swift */; };
		F2347CC913820D32B3B7B0DB /* TaisetsuCore.framework in Embed Frameworks */ = {isa = PBXBuildFile; fileRef = 519ED232110A050B623F9CED /* TaisetsuCore.framework */; settings = {ATTRIBUTES = (CodeSignOnCopy, RemoveHeadersOnCopy, ); }; };
		F299545AE132BC1CC3C97745 /* RecurrencePreview.swift in Sources */ = {isa = PBXBuildFile; fileRef = 2E6FF00882DE4238B590B2E5 /* RecurrencePreview.swift */; };
		F6964829154E3E564F13DBDE /* ModelContainerFactory.swift in Sources */ = {isa = PBXBuildFile; fileRef = C316891E6811EDA5D989D958 /* ModelContainerFactory.swift */; };
		F6D88F8EFF76C7ADFEA21B0B /* AnniversaryEditorViewModelTests.swift in Sources */ = {isa = PBXBuildFile; fileRef = 98218E1749B66053E325769A /* AnniversaryEditorViewModelTests.swift */; };
		F862B10036AC0A3770F8AC89 /* AppLocalizationTests.swift in Sources */ = {isa = PBXBuildFile; fileRef = CA68F97B83CE3F04FB313602 /* AppLocalizationTests.swift */; };
		FDBE07C5C87528500E4534A1 /* CalendarSyncState.swift in Sources */ = {isa = PBXBuildFile; fileRef = 8DDF7A2646933235F0CE7167 /* CalendarSyncState.swift */; };
		FDE8EB11E3222D2C1104D2E9 /* CalendarSyncRepositoryTests.swift in Sources */ = {isa = PBXBuildFile; fileRef = B2DF47048B71C5134BCA5B2E /* CalendarSyncRepositoryTests.swift */; };
		FFF664DA2036D714997C4F23 /* CalendarSyncBackoff.swift in Sources */ = {isa = PBXBuildFile; fileRef = C5AF01854E8F05E0F00742C3 /* CalendarSyncBackoff.swift */; };
/* End PBXBuildFile section */

/* Begin PBXContainerItemProxy section */
		4F6B325F6F098779ACE0AB9C /* PBXContainerItemProxy */ = {
			isa = PBXContainerItemProxy;
			containerPortal = 4166740FB102B51BD4ECC5D7 /* Project object */;
			proxyType = 1;
			remoteGlobalIDString = 32567D8752B6AC431B64F6F5;
			remoteInfo = Taisetsu;
		};
		547027FFA4F275A023D1FC30 /* PBXContainerItemProxy */ = {
			isa = PBXContainerItemProxy;
			containerPortal = 4166740FB102B51BD4ECC5D7 /* Project object */;
			proxyType = 1;
			remoteGlobalIDString = 32567D8752B6AC431B64F6F5;
			remoteInfo = Taisetsu;
		};
		811D1EB53D190B1F0CD61CB7 /* PBXContainerItemProxy */ = {
			isa = PBXContainerItemProxy;
			containerPortal = 4166740FB102B51BD4ECC5D7 /* Project object */;
			proxyType = 1;
			remoteGlobalIDString = 75F010D856BABB5DA507B166;
			remoteInfo = TaisetsuCore;
		};
		A4A34D0D5F3BFF6A4897C14B /* PBXContainerItemProxy */ = {
			isa = PBXContainerItemProxy;
			containerPortal = 4166740FB102B51BD4ECC5D7 /* Project object */;
			proxyType = 1;
			remoteGlobalIDString = 75F010D856BABB5DA507B166;
			remoteInfo = TaisetsuCore;
		};
		B46437AEBA35344FA12AA114 /* PBXContainerItemProxy */ = {
			isa = PBXContainerItemProxy;
			containerPortal = 4166740FB102B51BD4ECC5D7 /* Project object */;
			proxyType = 1;
			remoteGlobalIDString = 75F010D856BABB5DA507B166;
			remoteInfo = TaisetsuCore;
		};
		FCF21F85303957C069FBE73E /* PBXContainerItemProxy */ = {
			isa = PBXContainerItemProxy;
			containerPortal = 4166740FB102B51BD4ECC5D7 /* Project object */;
			proxyType = 1;
			remoteGlobalIDString = 697D2246A7E841D859E844F4;
			remoteInfo = TaisetsuWidget;
		};
/* End PBXContainerItemProxy section */

/* Begin PBXCopyFilesBuildPhase section */
		99566091B4FDE7D288F3C47A /* Embed Frameworks */ = {
			isa = PBXCopyFilesBuildPhase;
			buildActionMask = 2147483647;
			dstPath = "";
			dstSubfolderSpec = 10;
			files = (
				A9E9F51F0A716BD55834EC95 /* TaisetsuCore.framework in Embed Frameworks */,
			);
			name = "Embed Frameworks";
			runOnlyForDeploymentPostprocessing = 0;
		};
		C2170EE34FA5CDABF99E05D3 /* Embed Frameworks */ = {
			isa = PBXCopyFilesBuildPhase;
			buildActionMask = 2147483647;
			dstPath = "";
			dstSubfolderSpec = 10;
			files = (
				F2347CC913820D32B3B7B0DB /* TaisetsuCore.framework in Embed Frameworks */,
			);
			name = "Embed Frameworks";
			runOnlyForDeploymentPostprocessing = 0;
		};
		E4690454A7491DDCE851776B /* Embed Foundation Extensions */ = {
			isa = PBXCopyFilesBuildPhase;
			buildActionMask = 2147483647;
			dstPath = "";
			dstSubfolderSpec = 13;
			files = (
				05A286EA78BDDDE99AEDA473 /* TaisetsuWidget.appex in Embed Foundation Extensions */,
			);
			name = "Embed Foundation Extensions";
			runOnlyForDeploymentPostprocessing = 0;
		};
/* End PBXCopyFilesBuildPhase section */

/* Begin PBXFileReference section */
		0000484DBC608326AB900B24 /* CalendarAutoSyncServiceTests.swift */ = {isa = PBXFileReference; lastKnownFileType = sourcecode.swift; path = CalendarAutoSyncServiceTests.swift; sourceTree = "<group>"; };
		01B78AD0102437505397A68E /* CalendarSyncRepository.swift */ = {isa = PBXFileReference; lastKnownFileType = sourcecode.swift; path = CalendarSyncRepository.swift; sourceTree = "<group>"; };
		060D7E60855C866A23284206 /* CalendarSyncScope.swift */ = {isa = PBXFileReference; lastKnownFileType = sourcecode.swift; path = CalendarSyncScope.swift; sourceTree = "<group>"; };
		09AD505E3C2FBC4D8EA064F5 /* AppConfiguration.swift */ = {isa = PBXFileReference; lastKnownFileType = sourcecode.swift; path = AppConfiguration.swift; sourceTree = "<group>"; };
		09C6475F588A6AAECAFC4D45 /* Taisetsu.app */ = {isa = PBXFileReference; includeInIndex = 0; lastKnownFileType = wrapper.application; path = Taisetsu.app; sourceTree = BUILT_PRODUCTS_DIR; };
		0A89850B8CDB62D7C28FC41D /* WidgetSnapshotStore.swift */ = {isa = PBXFileReference; lastKnownFileType = sourcecode.swift; path = WidgetSnapshotStore.swift; sourceTree = "<group>"; };
		0D5BF5CEB338E7FCFD3E74B7 /* AnniversaryFilter.swift */ = {isa = PBXFileReference; lastKnownFileType = sourcecode.swift; path = AnniversaryFilter.swift; sourceTree = "<group>"; };
		0E95C4FA01263842F30510C8 /* AnniversaryDetailView.swift */ = {isa = PBXFileReference; lastKnownFileType = sourcecode.swift; path = AnniversaryDetailView.swift; sourceTree = "<group>"; };
		147F7447C0800A1EEE1DD24C /* CalendarExportServiceTests.swift */ = {isa = PBXFileReference; lastKnownFileType = sourcecode.swift; path = CalendarExportServiceTests.swift; sourceTree = "<group>"; };
		17576E25CD9DD6F1522A7EF5 /* HomeView.swift */ = {isa = PBXFileReference; lastKnownFileType = sourcecode.swift; path = HomeView.swift; sourceTree = "<group>"; };
		1AD4A316942C878FFDFE37C2 /* CalendarKind.swift */ = {isa = PBXFileReference; lastKnownFileType = sourcecode.swift; path = CalendarKind.swift; sourceTree = "<group>"; };
		1C6D8BE3CA82386B476D1A35 /* DateRuleSection.swift */ = {isa = PBXFileReference; lastKnownFileType = sourcecode.swift; path = DateRuleSection.swift; sourceTree = "<group>"; };
		1D3C12E1B8D9FBE6BF72149E /* Occurrence.swift */ = {isa = PBXFileReference; lastKnownFileType = sourcecode.swift; path = Occurrence.swift; sourceTree = "<group>"; };
		21F3AA08F919D050289DBEBF /* Taisetsu.entitlements */ = {isa = PBXFileReference; lastKnownFileType = text.plist.entitlements; path = Taisetsu.entitlements; sourceTree = "<group>"; };
		22459E7075D42374C5E29AF4 /* HomeViewModelTests.swift */ = {isa = PBXFileReference; lastKnownFileType = sourcecode.swift; path = HomeViewModelTests.swift; sourceTree = "<group>"; };
		270CAE768696E1CB8124E386 /* ProjectFoundationTests.swift */ = {isa = PBXFileReference; lastKnownFileType = sourcecode.swift; path = ProjectFoundationTests.swift; sourceTree = "<group>"; };
		2D15D45C6CD2E4E0DF58E6AD /* TaisetsuUITests.swift */ = {isa = PBXFileReference; lastKnownFileType = sourcecode.swift; path = TaisetsuUITests.swift; sourceTree = "<group>"; };
		2E6FF00882DE4238B590B2E5 /* RecurrencePreview.swift */ = {isa = PBXFileReference; lastKnownFileType = sourcecode.swift; path = RecurrencePreview.swift; sourceTree = "<group>"; };
		2FB38373AE1E41459DA45883 /* AnniversaryModel.swift */ = {isa = PBXFileReference; lastKnownFileType = sourcecode.swift; path = AnniversaryModel.swift; sourceTree = "<group>"; };
		33DEFBE148035914CE7CF344 /* AnniversaryEditorViewModel.swift */ = {isa = PBXFileReference; lastKnownFileType = sourcecode.swift; path = AnniversaryEditorViewModel.swift; sourceTree = "<group>"; };
		3B6DA1DB90AF2AEF639C99A8 /* NotificationCenterClient.swift */ = {isa = PBXFileReference; lastKnownFileType = sourcecode.swift; path = NotificationCenterClient.swift; sourceTree = "<group>"; };
		3BAE9C43219E756994A1963C /* CategoryManagerView.swift */ = {isa = PBXFileReference; lastKnownFileType = sourcecode.swift; path = CategoryManagerView.swift; sourceTree = "<group>"; };
		3D3636207E9AC274AD8DA834 /* WidgetSelectionTests.swift */ = {isa = PBXFileReference; lastKnownFileType = sourcecode.swift; path = WidgetSelectionTests.swift; sourceTree = "<group>"; };
		3D9E9B95A9EA28D9FBB01A3C /* DefaultCategorySeeder.swift */ = {isa = PBXFileReference; lastKnownFileType = sourcecode.swift; path = DefaultCategorySeeder.swift; sourceTree = "<group>"; };
		402FBBAB24EEB8917B5798E1 /* AnniversaryFilterTests.swift */ = {isa = PBXFileReference; lastKnownFileType = sourcecode.swift; path = AnniversaryFilterTests.swift; sourceTree = "<group>"; };
		41AE6EF312DD4D4D4C9F2BA5 /* TaisetsuWidget.appex */ = {isa = PBXFileReference; includeInIndex = 0; lastKnownFileType = "wrapper.app-extension"; path = TaisetsuWidget.appex; sourceTree = BUILT_PRODUCTS_DIR; };
		456877AE91E39DE21B1979A9 /* TaisetsuUITestsLaunchTests.swift */ = {isa = PBXFileReference; lastKnownFileType = sourcecode.swift; path = TaisetsuUITestsLaunchTests.swift; sourceTree = "<group>"; };
		49A5CE5E2C5D0448FA518702 /* ReminderSchedulerTests.swift */ = {isa = PBXFileReference; lastKnownFileType = sourcecode.swift; path = ReminderSchedulerTests.swift; sourceTree = "<group>"; };
		4B237A814B0DFFB30FA05055 /* AnniversaryRow.swift */ = {isa = PBXFileReference; lastKnownFileType = sourcecode.swift; path = AnniversaryRow.swift; sourceTree = "<group>"; };
		501933376B5AEF91967C1D1D /* TaisetsuWidget.entitlements */ = {isa = PBXFileReference; lastKnownFileType = text.plist.entitlements; path = TaisetsuWidget.entitlements; sourceTree = "<group>"; };
		510F0D80480D20F21D0ED775 /* AnniversaryDraft.swift */ = {isa = PBXFileReference; lastKnownFileType = sourcecode.swift; path = AnniversaryDraft.swift; sourceTree = "<group>"; };
		519ED232110A050B623F9CED /* TaisetsuCore.framework */ = {isa = PBXFileReference; explicitFileType = wrapper.framework; includeInIndex = 0; path = TaisetsuCore.framework; sourceTree = BUILT_PRODUCTS_DIR; };
		546E9E92BAB9C336727DDCEF /* ReminderSpec.swift */ = {isa = PBXFileReference; lastKnownFileType = sourcecode.swift; path = ReminderSpec.swift; sourceTree = "<group>"; };
		54D3598116DCFA8CBCA01E70 /* ReminderScheduler.swift */ = {isa = PBXFileReference; lastKnownFileType = sourcecode.swift; path = ReminderScheduler.swift; sourceTree = "<group>"; };
		56282D9381B042DCA2F2AB5E /* AppDependencies.swift */ = {isa = PBXFileReference; lastKnownFileType = sourcecode.swift; path = AppDependencies.swift; sourceTree = "<group>"; };
		5D8FC53E5FD7F0BF65743792 /* TaisetsuTests.xctest */ = {isa = PBXFileReference; includeInIndex = 0; lastKnownFileType = wrapper.cfbundle; path = TaisetsuTests.xctest; sourceTree = BUILT_PRODUCTS_DIR; };
		5D9D076BB8A9D4A57A3C82C1 /* InfoPlist.xcstrings */ = {isa = PBXFileReference; lastKnownFileType = text.json.xcstrings; path = InfoPlist.xcstrings; sourceTree = "<group>"; };
		625A5338763E900A55394767 /* AnniversaryEditorView.swift */ = {isa = PBXFileReference; lastKnownFileType = sourcecode.swift; path = AnniversaryEditorView.swift; sourceTree = "<group>"; };
		634BDE1E74BE6838D844521B /* RecurrenceSection.swift */ = {isa = PBXFileReference; lastKnownFileType = sourcecode.swift; path = RecurrenceSection.swift; sourceTree = "<group>"; };
		643D6499EF4FE4A44A9E9A17 /* CalendarExportService.swift */ = {isa = PBXFileReference; lastKnownFileType = sourcecode.swift; path = CalendarExportService.swift; sourceTree = "<group>"; };
		644228CA1E8FA4F2712C0E00 /* Info.plist */ = {isa = PBXFileReference; lastKnownFileType = text.plist; path = Info.plist; sourceTree = "<group>"; };
		646338D03992861510DD0127 /* TaisetsuWidgetEntry.swift */ = {isa = PBXFileReference; lastKnownFileType = sourcecode.swift; path = TaisetsuWidgetEntry.swift; sourceTree = "<group>"; };
		670E5922A8BC1A97C29C61B4 /* PrivacyInfo.xcprivacy */ = {isa = PBXFileReference; path = PrivacyInfo.xcprivacy; sourceTree = "<group>"; };
		67D9A2917CB9B9AFE6E08EAC /* SettingsView.swift */ = {isa = PBXFileReference; lastKnownFileType = sourcecode.swift; path = SettingsView.swift; sourceTree = "<group>"; };
		6C1DA5EA009F42B936AC114B /* TagManagerView.swift */ = {isa = PBXFileReference; lastKnownFileType = sourcecode.swift; path = TagManagerView.swift; sourceTree = "<group>"; };
		6FBEB42C3EF0A9CCE4E89319 /* DefaultCategorySeederTests.swift */ = {isa = PBXFileReference; lastKnownFileType = sourcecode.swift; path = DefaultCategorySeederTests.swift; sourceTree = "<group>"; };
		70F6DC5C64DF57C25D6388B7 /* TaisetsuUITests.xctest */ = {isa = PBXFileReference; includeInIndex = 0; lastKnownFileType = wrapper.cfbundle; path = TaisetsuUITests.xctest; sourceTree = BUILT_PRODUCTS_DIR; };
		7638083456DD3B6B92FE4058 /* CalendarSyncPromptCoordinator.swift */ = {isa = PBXFileReference; lastKnownFileType = sourcecode.swift; path = CalendarSyncPromptCoordinator.swift; sourceTree = "<group>"; };
		76F8ED5F5EB3D6A69D62FCEE /* AnniversaryRepository.swift */ = {isa = PBXFileReference; lastKnownFileType = sourcecode.swift; path = AnniversaryRepository.swift; sourceTree = "<group>"; };
		79B7F2B07F421792B2F135D0 /* CalendarView.swift */ = {isa = PBXFileReference; lastKnownFileType = sourcecode.swift; path = CalendarView.swift; sourceTree = "<group>"; };
		7F69B4DC39765EEFA92BFCF9 /* AnniversaryFormatters.swift */ = {isa = PBXFileReference; lastKnownFileType = sourcecode.swift; path = AnniversaryFormatters.swift; sourceTree = "<group>"; };
		7F8358B8C3B41F5C6CEDBC8C /* Info.plist */ = {isa = PBXFileReference; lastKnownFileType = text.plist; path = Info.plist; sourceTree = "<group>"; };
		80807386AE478698990FED4E /* AnniversaryOrderingTests.swift */ = {isa = PBXFileReference; lastKnownFileType = sourcecode.swift; path = AnniversaryOrderingTests.swift; sourceTree = "<group>"; };
		88DC195694EFE7A8CBB9E40E /* Assets.xcassets */ = {isa = PBXFileReference; lastKnownFileType = folder.assetcatalog; path = Assets.xcassets; sourceTree = "<group>"; };
		8D64FEB5898AC3C67D352650 /* AppRootView.swift */ = {isa = PBXFileReference; lastKnownFileType = sourcecode.swift; path = AppRootView.swift; sourceTree = "<group>"; };
		8DDF7A2646933235F0CE7167 /* CalendarSyncState.swift */ = {isa = PBXFileReference; lastKnownFileType = sourcecode.swift; path = CalendarSyncState.swift; sourceTree = "<group>"; };
		8F61AF3EE7D84B41A23F1B80 /* CalendarSyncBackoffTests.swift */ = {isa = PBXFileReference; lastKnownFileType = sourcecode.swift; path = CalendarSyncBackoffTests.swift; sourceTree = "<group>"; };
		93E657D6B5409B0C726B7FA5 /* OccurrenceCalculator.swift */ = {isa = PBXFileReference; lastKnownFileType = sourcecode.swift; path = OccurrenceCalculator.swift; sourceTree = "<group>"; };
		98218E1749B66053E325769A /* AnniversaryEditorViewModelTests.swift */ = {isa = PBXFileReference; lastKnownFileType = sourcecode.swift; path = AnniversaryEditorViewModelTests.swift; sourceTree = "<group>"; };
		9BCA12C8DDDA44315188EA58 /* TaisetsuApp.swift */ = {isa = PBXFileReference; lastKnownFileType = sourcecode.swift; path = TaisetsuApp.swift; sourceTree = "<group>"; };
		A37D0363C47516543230C307 /* AnniversaryRepositoryTests.swift */ = {isa = PBXFileReference; lastKnownFileType = sourcecode.swift; path = AnniversaryRepositoryTests.swift; sourceTree = "<group>"; };
		A8DE0ACB03370A93140EA1EA /* AppLocalization.swift */ = {isa = PBXFileReference; lastKnownFileType = sourcecode.swift; path = AppLocalization.swift; sourceTree = "<group>"; };
		AF24A61D0D9A58F81DAFB399 /* ReminderRuleModel.swift */ = {isa = PBXFileReference; lastKnownFileType = sourcecode.swift; path = ReminderRuleModel.swift; sourceTree = "<group>"; };
		B225896D0D0C10EBCF7BA69B /* Localizable.xcstrings */ = {isa = PBXFileReference; lastKnownFileType = text.json.xcstrings; path = Localizable.xcstrings; sourceTree = "<group>"; };
		B2DF47048B71C5134BCA5B2E /* CalendarSyncRepositoryTests.swift */ = {isa = PBXFileReference; lastKnownFileType = sourcecode.swift; path = CalendarSyncRepositoryTests.swift; sourceTree = "<group>"; };
		BC9CB43C0E49556B9176180B /* OccurrenceCalculatorTests.swift */ = {isa = PBXFileReference; lastKnownFileType = sourcecode.swift; path = OccurrenceCalculatorTests.swift; sourceTree = "<group>"; };
		C0F47F8A765BAD180833F9EC /* AnniversaryRecord.swift */ = {isa = PBXFileReference; lastKnownFileType = sourcecode.swift; path = AnniversaryRecord.swift; sourceTree = "<group>"; };
		C14D73CB04BB666008634279 /* HomeViewModel.swift */ = {isa = PBXFileReference; lastKnownFileType = sourcecode.swift; path = HomeViewModel.swift; sourceTree = "<group>"; };
		C27BCBBF9D46EC1A75C50C37 /* CategoryTagSection.swift */ = {isa = PBXFileReference; lastKnownFileType = sourcecode.swift; path = CategoryTagSection.swift; sourceTree = "<group>"; };
		C316891E6811EDA5D989D958 /* ModelContainerFactory.swift */ = {isa = PBXFileReference; lastKnownFileType = sourcecode.swift; path = ModelContainerFactory.swift; sourceTree = "<group>"; };
		C44E53B8348705849BF35B75 /* WidgetSnapshotStoreTests.swift */ = {isa = PBXFileReference; lastKnownFileType = sourcecode.swift; path = WidgetSnapshotStoreTests.swift; sourceTree = "<group>"; };
		C5AF01854E8F05E0F00742C3 /* CalendarSyncBackoff.swift */ = {isa = PBXFileReference; lastKnownFileType = sourcecode.swift; path = CalendarSyncBackoff.swift; sourceTree = "<group>"; };
		C5EF5BB448DBE5B05EBD8C47 /* TagModel.swift */ = {isa = PBXFileReference; lastKnownFileType = sourcecode.swift; path = TagModel.swift; sourceTree = "<group>"; };
		C6802C05292DA1BC8665F8DF /* ReconciliationCoordinator.swift */ = {isa = PBXFileReference; lastKnownFileType = sourcecode.swift; path = ReconciliationCoordinator.swift; sourceTree = "<group>"; };
		C76A73D97DEE7464F00F62EC /* AnniversaryHeroCard.swift */ = {isa = PBXFileReference; lastKnownFileType = sourcecode.swift; path = AnniversaryHeroCard.swift; sourceTree = "<group>"; };
		C828C0DCA003C8A32C15F8CA /* CategoryStyle.swift */ = {isa = PBXFileReference; lastKnownFileType = sourcecode.swift; path = CategoryStyle.swift; sourceTree = "<group>"; };
		C8FB50F53853C590054BCE2B /* CategoryModel.swift */ = {isa = PBXFileReference; lastKnownFileType = sourcecode.swift; path = CategoryModel.swift; sourceTree = "<group>"; };
		CA68F97B83CE3F04FB313602 /* AppLocalizationTests.swift */ = {isa = PBXFileReference; lastKnownFileType = sourcecode.swift; path = AppLocalizationTests.swift; sourceTree = "<group>"; };
		CBAC91A4EEBABAB2007567D0 /* CalendarAutoSyncService.swift */ = {isa = PBXFileReference; lastKnownFileType = sourcecode.swift; path = CalendarAutoSyncService.swift; sourceTree = "<group>"; };
		D0EF84685DA46417B7516939 /* RecurrenceRule.swift */ = {isa = PBXFileReference; lastKnownFileType = sourcecode.swift; path = RecurrenceRule.swift; sourceTree = "<group>"; };
		D20A484F411633EFBF9099D7 /* TaisetsuWidgetView.swift */ = {isa = PBXFileReference; lastKnownFileType = sourcecode.swift; path = TaisetsuWidgetView.swift; sourceTree = "<group>"; };
		D8D0CE5CB02D502F3D98073F /* TaisetsuWidget.swift */ = {isa = PBXFileReference; lastKnownFileType = sourcecode.swift; path = TaisetsuWidget.swift; sourceTree = "<group>"; };
		DB5DC85C1691B615DF109360 /* Localizable.xcstrings */ = {isa = PBXFileReference; lastKnownFileType = text.json.xcstrings; path = Localizable.xcstrings; sourceTree = "<group>"; };
		E1D1B3E3E6761FAABEDC2308 /* ReminderSection.swift */ = {isa = PBXFileReference; lastKnownFileType = sourcecode.swift; path = ReminderSection.swift; sourceTree = "<group>"; };
		E6C4E4461ED869A2DFF71D18 /* AnniversaryOrdering.swift */ = {isa = PBXFileReference; lastKnownFileType = sourcecode.swift; path = AnniversaryOrdering.swift; sourceTree = "<group>"; };
		F0DFD7ECF34B72EFFD784551 /* TaisetsuWidgetBundle.swift */ = {isa = PBXFileReference; lastKnownFileType = sourcecode.swift; path = TaisetsuWidgetBundle.swift; sourceTree = "<group>"; };
		F184031FBF501303A765AC2C /* WidgetSnapshot.swift */ = {isa = PBXFileReference; lastKnownFileType = sourcecode.swift; path = WidgetSnapshot.swift; sourceTree = "<group>"; };
		F3C378B434AF0386388C4684 /* CategoryTagManagementTests.swift */ = {isa = PBXFileReference; lastKnownFileType = sourcecode.swift; path = CategoryTagManagementTests.swift; sourceTree = "<group>"; };
		F515A07A11D36F9B9DFAB6E4 /* CalendarSyncModel.swift */ = {isa = PBXFileReference; lastKnownFileType = sourcecode.swift; path = CalendarSyncModel.swift; sourceTree = "<group>"; };
		F542073368BA1E7D08E2506A /* CalendarSyncScopeTests.swift */ = {isa = PBXFileReference; lastKnownFileType = sourcecode.swift; path = CalendarSyncScopeTests.swift; sourceTree = "<group>"; };
		F89F16163023053D7FFC09AA /* DisplayMode.swift */ = {isa = PBXFileReference; lastKnownFileType = sourcecode.swift; path = DisplayMode.swift; sourceTree = "<group>"; };
		FA8928A71551CE885B6ED576 /* EventStoreClient.swift */ = {isa = PBXFileReference; lastKnownFileType = sourcecode.swift; path = EventStoreClient.swift; sourceTree = "<group>"; };
/* End PBXFileReference section */

/* Begin PBXFrameworksBuildPhase section */
		6582CC4B8E5369940B9AFB73 /* Frameworks */ = {
			isa = PBXFrameworksBuildPhase;
			buildActionMask = 2147483647;
			files = (
				556A29F7EA548854A42E17F6 /* TaisetsuCore.framework in Frameworks */,
			);
			runOnlyForDeploymentPostprocessing = 0;
		};
		AEB7A3A5E457144DE4FF73BB /* Frameworks */ = {
			isa = PBXFrameworksBuildPhase;
			buildActionMask = 2147483647;
			files = (
				1A3489315A91C1C2053D74E9 /* TaisetsuCore.framework in Frameworks */,
			);
			runOnlyForDeploymentPostprocessing = 0;
		};
		B5C73630B26F4F2FF5878DC2 /* Frameworks */ = {
			isa = PBXFrameworksBuildPhase;
			buildActionMask = 2147483647;
			files = (
				11A5C501E14F5517D5C570E5 /* TaisetsuCore.framework in Frameworks */,
			);
			runOnlyForDeploymentPostprocessing = 0;
		};
/* End PBXFrameworksBuildPhase section */

/* Begin PBXGroup section */
		03E4F9FC830998A7AF1308A8 /* Editor */ = {
			isa = PBXGroup;
			children = (
				625A5338763E900A55394767 /* AnniversaryEditorView.swift */,
				33DEFBE148035914CE7CF344 /* AnniversaryEditorViewModel.swift */,
				C27BCBBF9D46EC1A75C50C37 /* CategoryTagSection.swift */,
				1C6D8BE3CA82386B476D1A35 /* DateRuleSection.swift */,
				2E6FF00882DE4238B590B2E5 /* RecurrencePreview.swift */,
				634BDE1E74BE6838D844521B /* RecurrenceSection.swift */,
				E1D1B3E3E6761FAABEDC2308 /* ReminderSection.swift */,
			);
			path = Editor;
			sourceTree = "<group>";
		};
		137833D72A450137A68B48BD /* Home */ = {
			isa = PBXGroup;
			children = (
				C76A73D97DEE7464F00F62EC /* AnniversaryHeroCard.swift */,
				4B237A814B0DFFB30FA05055 /* AnniversaryRow.swift */,
				17576E25CD9DD6F1522A7EF5 /* HomeView.swift */,
				C14D73CB04BB666008634279 /* HomeViewModel.swift */,
			);
			path = Home;
			sourceTree = "<group>";
		};
		1FDDF34FAF85E8A6B90B92F3 /* Taisetsu */ = {
			isa = PBXGroup;
			children = (
				D232D9947ABC68F6273C1C88 /* App */,
				3259049B16E105DE9F7B61D9 /* Coordination */,
				E5976F5313497FFD4DB27AD6 /* Domain */,
				84A6D13EEC923CA4261DB405 /* Features */,
				A5A8320135044BB5A396C8DA /* Integrations */,
				F7C561D6C43D3FAAFCD8315C /* Persistence */,
				3ABE948EAF05AE22B333A326 /* Resources */,
				937E9D833A95C056165994F4 /* Shared */,
				88DC195694EFE7A8CBB9E40E /* Assets.xcassets */,
				7F8358B8C3B41F5C6CEDBC8C /* Info.plist */,
				670E5922A8BC1A97C29C61B4 /* PrivacyInfo.xcprivacy */,
				21F3AA08F919D050289DBEBF /* Taisetsu.entitlements */,
			);
			path = Taisetsu;
			sourceTree = "<group>";
		};
		23B593FF8EBC327FB40D9B58 /* TaisetsuWidget */ = {
			isa = PBXGroup;
			children = (
				2792C65230CB3D7243728147 /* Resources */,
				644228CA1E8FA4F2712C0E00 /* Info.plist */,
				501933376B5AEF91967C1D1D /* TaisetsuWidget.entitlements */,
				D8D0CE5CB02D502F3D98073F /* TaisetsuWidget.swift */,
				F0DFD7ECF34B72EFFD784551 /* TaisetsuWidgetBundle.swift */,
				646338D03992861510DD0127 /* TaisetsuWidgetEntry.swift */,
				D20A484F411633EFBF9099D7 /* TaisetsuWidgetView.swift */,
			);
			path = TaisetsuWidget;
			sourceTree = "<group>";
		};
		2792C65230CB3D7243728147 /* Resources */ = {
			isa = PBXGroup;
			children = (
				DB5DC85C1691B615DF109360 /* Localizable.xcstrings */,
			);
			path = Resources;
			sourceTree = "<group>";
		};
		3259049B16E105DE9F7B61D9 /* Coordination */ = {
			isa = PBXGroup;
			children = (
				7638083456DD3B6B92FE4058 /* CalendarSyncPromptCoordinator.swift */,
				C6802C05292DA1BC8665F8DF /* ReconciliationCoordinator.swift */,
			);
			path = Coordination;
			sourceTree = "<group>";
		};
		3ABE948EAF05AE22B333A326 /* Resources */ = {
			isa = PBXGroup;
			children = (
				5D9D076BB8A9D4A57A3C82C1 /* InfoPlist.xcstrings */,
				B225896D0D0C10EBCF7BA69B /* Localizable.xcstrings */,
			);
			path = Resources;
			sourceTree = "<group>";
		};
		5185AE5BCE2A4A4EB000EE54 /* TaisetsuUITests */ = {
			isa = PBXGroup;
			children = (
				2D15D45C6CD2E4E0DF58E6AD /* TaisetsuUITests.swift */,
				456877AE91E39DE21B1979A9 /* TaisetsuUITestsLaunchTests.swift */,
			);
			path = TaisetsuUITests;
			sourceTree = "<group>";
		};
		555C326CA9643904C3101A67 /* Detail */ = {
			isa = PBXGroup;
			children = (
				0E95C4FA01263842F30510C8 /* AnniversaryDetailView.swift */,
			);
			path = Detail;
			sourceTree = "<group>";
		};
		6D833E09B42FBC5AAB71A7FA /* TaisetsuCore */ = {
			isa = PBXGroup;
			children = (
				DA14AF868BD28112C8FE7BD8 /* Configuration */,
				E89FF86B5502E6DDC15E6555 /* Domain */,
				F43E3280B5F55A70291FFEC2 /* Widget */,
			);
			path = TaisetsuCore;
			sourceTree = "<group>";
		};
		7A331454DDA5E34C490207F5 = {
			isa = PBXGroup;
			children = (
				1FDDF34FAF85E8A6B90B92F3 /* Taisetsu */,
				6D833E09B42FBC5AAB71A7FA /* TaisetsuCore */,
				A36DF275D501B2F19457EA6A /* TaisetsuTests */,
				5185AE5BCE2A4A4EB000EE54 /* TaisetsuUITests */,
				23B593FF8EBC327FB40D9B58 /* TaisetsuWidget */,
				8CCD02DBCCF08D54655E565C /* Products */,
			);
			sourceTree = "<group>";
		};
		84A6D13EEC923CA4261DB405 /* Features */ = {
			isa = PBXGroup;
			children = (
				865A26BBC44BE78552AC0614 /* Calendar */,
				555C326CA9643904C3101A67 /* Detail */,
				03E4F9FC830998A7AF1308A8 /* Editor */,
				137833D72A450137A68B48BD /* Home */,
				FFE31A27EE8FC9B546D4C64F /* Settings */,
			);
			path = Features;
			sourceTree = "<group>";
		};
		865A26BBC44BE78552AC0614 /* Calendar */ = {
			isa = PBXGroup;
			children = (
				79B7F2B07F421792B2F135D0 /* CalendarView.swift */,
			);
			path = Calendar;
			sourceTree = "<group>";
		};
		8CCD02DBCCF08D54655E565C /* Products */ = {
			isa = PBXGroup;
			children = (
				09C6475F588A6AAECAFC4D45 /* Taisetsu.app */,
				519ED232110A050B623F9CED /* TaisetsuCore.framework */,
				5D8FC53E5FD7F0BF65743792 /* TaisetsuTests.xctest */,
				70F6DC5C64DF57C25D6388B7 /* TaisetsuUITests.xctest */,
				41AE6EF312DD4D4D4C9F2BA5 /* TaisetsuWidget.appex */,
			);
			name = Products;
			sourceTree = "<group>";
		};
		937E9D833A95C056165994F4 /* Shared */ = {
			isa = PBXGroup;
			children = (
				7F69B4DC39765EEFA92BFCF9 /* AnniversaryFormatters.swift */,
				A8DE0ACB03370A93140EA1EA /* AppLocalization.swift */,
				C828C0DCA003C8A32C15F8CA /* CategoryStyle.swift */,
			);
			path = Shared;
			sourceTree = "<group>";
		};
		A36DF275D501B2F19457EA6A /* TaisetsuTests */ = {
			isa = PBXGroup;
			children = (
				98218E1749B66053E325769A /* AnniversaryEditorViewModelTests.swift */,
				402FBBAB24EEB8917B5798E1 /* AnniversaryFilterTests.swift */,
				80807386AE478698990FED4E /* AnniversaryOrderingTests.swift */,
				A37D0363C47516543230C307 /* AnniversaryRepositoryTests.swift */,
				CA68F97B83CE3F04FB313602 /* AppLocalizationTests.swift */,
				0000484DBC608326AB900B24 /* CalendarAutoSyncServiceTests.swift */,
				147F7447C0800A1EEE1DD24C /* CalendarExportServiceTests.swift */,
				8F61AF3EE7D84B41A23F1B80 /* CalendarSyncBackoffTests.swift */,
				B2DF47048B71C5134BCA5B2E /* CalendarSyncRepositoryTests.swift */,
				F542073368BA1E7D08E2506A /* CalendarSyncScopeTests.swift */,
				F3C378B434AF0386388C4684 /* CategoryTagManagementTests.swift */,
				6FBEB42C3EF0A9CCE4E89319 /* DefaultCategorySeederTests.swift */,
				22459E7075D42374C5E29AF4 /* HomeViewModelTests.swift */,
				BC9CB43C0E49556B9176180B /* OccurrenceCalculatorTests.swift */,
				270CAE768696E1CB8124E386 /* ProjectFoundationTests.swift */,
				49A5CE5E2C5D0448FA518702 /* ReminderSchedulerTests.swift */,
				3D3636207E9AC274AD8DA834 /* WidgetSelectionTests.swift */,
				C44E53B8348705849BF35B75 /* WidgetSnapshotStoreTests.swift */,
			);
			path = TaisetsuTests;
			sourceTree = "<group>";
		};
		A5A8320135044BB5A396C8DA /* Integrations */ = {
			isa = PBXGroup;
			children = (
				CBAC91A4EEBABAB2007567D0 /* CalendarAutoSyncService.swift */,
				643D6499EF4FE4A44A9E9A17 /* CalendarExportService.swift */,
				FA8928A71551CE885B6ED576 /* EventStoreClient.swift */,
				3B6DA1DB90AF2AEF639C99A8 /* NotificationCenterClient.swift */,
				54D3598116DCFA8CBCA01E70 /* ReminderScheduler.swift */,
				0A89850B8CDB62D7C28FC41D /* WidgetSnapshotStore.swift */,
			);
			path = Integrations;
			sourceTree = "<group>";
		};
		D232D9947ABC68F6273C1C88 /* App */ = {
			isa = PBXGroup;
			children = (
				56282D9381B042DCA2F2AB5E /* AppDependencies.swift */,
				8D64FEB5898AC3C67D352650 /* AppRootView.swift */,
				9BCA12C8DDDA44315188EA58 /* TaisetsuApp.swift */,
			);
			path = App;
			sourceTree = "<group>";
		};
		DA14AF868BD28112C8FE7BD8 /* Configuration */ = {
			isa = PBXGroup;
			children = (
				09AD505E3C2FBC4D8EA064F5 /* AppConfiguration.swift */,
			);
			path = Configuration;
			sourceTree = "<group>";
		};
		E5976F5313497FFD4DB27AD6 /* Domain */ = {
			isa = PBXGroup;
			children = (
				510F0D80480D20F21D0ED775 /* AnniversaryDraft.swift */,
			);
			path = Domain;
			sourceTree = "<group>";
		};
		E89FF86B5502E6DDC15E6555 /* Domain */ = {
			isa = PBXGroup;
			children = (
				0D5BF5CEB338E7FCFD3E74B7 /* AnniversaryFilter.swift */,
				E6C4E4461ED869A2DFF71D18 /* AnniversaryOrdering.swift */,
				C0F47F8A765BAD180833F9EC /* AnniversaryRecord.swift */,
				1AD4A316942C878FFDFE37C2 /* CalendarKind.swift */,
				C5AF01854E8F05E0F00742C3 /* CalendarSyncBackoff.swift */,
				060D7E60855C866A23284206 /* CalendarSyncScope.swift */,
				8DDF7A2646933235F0CE7167 /* CalendarSyncState.swift */,
				F89F16163023053D7FFC09AA /* DisplayMode.swift */,
				1D3C12E1B8D9FBE6BF72149E /* Occurrence.swift */,
				93E657D6B5409B0C726B7FA5 /* OccurrenceCalculator.swift */,
				D0EF84685DA46417B7516939 /* RecurrenceRule.swift */,
				546E9E92BAB9C336727DDCEF /* ReminderSpec.swift */,
			);
			path = Domain;
			sourceTree = "<group>";
		};
		F43E3280B5F55A70291FFEC2 /* Widget */ = {
			isa = PBXGroup;
			children = (
				F184031FBF501303A765AC2C /* WidgetSnapshot.swift */,
			);
			path = Widget;
			sourceTree = "<group>";
		};
		F7C561D6C43D3FAAFCD8315C /* Persistence */ = {
			isa = PBXGroup;
			children = (
				2FB38373AE1E41459DA45883 /* AnniversaryModel.swift */,
				76F8ED5F5EB3D6A69D62FCEE /* AnniversaryRepository.swift */,
				F515A07A11D36F9B9DFAB6E4 /* CalendarSyncModel.swift */,
				01B78AD0102437505397A68E /* CalendarSyncRepository.swift */,
				C8FB50F53853C590054BCE2B /* CategoryModel.swift */,
				3D9E9B95A9EA28D9FBB01A3C /* DefaultCategorySeeder.swift */,
				C316891E6811EDA5D989D958 /* ModelContainerFactory.swift */,
				AF24A61D0D9A58F81DAFB399 /* ReminderRuleModel.swift */,
				C5EF5BB448DBE5B05EBD8C47 /* TagModel.swift */,
			);
			path = Persistence;
			sourceTree = "<group>";
		};
		FFE31A27EE8FC9B546D4C64F /* Settings */ = {
			isa = PBXGroup;
			children = (
				3BAE9C43219E756994A1963C /* CategoryManagerView.swift */,
				67D9A2917CB9B9AFE6E08EAC /* SettingsView.swift */,
				6C1DA5EA009F42B936AC114B /* TagManagerView.swift */,
			);
			path = Settings;
			sourceTree = "<group>";
		};
/* End PBXGroup section */

/* Begin PBXNativeTarget section */
		32567D8752B6AC431B64F6F5 /* Taisetsu */ = {
			isa = PBXNativeTarget;
			buildConfigurationList = 69A0BA61845F76694E5E2122 /* Build configuration list for PBXNativeTarget "Taisetsu" */;
			buildPhases = (
				5289B1318FE89B15ECD75BE9 /* Sources */,
				6330D420FAC7A6BEC2907019 /* Resources */,
				6582CC4B8E5369940B9AFB73 /* Frameworks */,
				E4690454A7491DDCE851776B /* Embed Foundation Extensions */,
				C2170EE34FA5CDABF99E05D3 /* Embed Frameworks */,
			);
			buildRules = (
			);
			dependencies = (
				D38D6C2AD280F99AF0BD4FBD /* PBXTargetDependency */,
				7BE72028E7F01055D24F2A05 /* PBXTargetDependency */,
			);
			name = Taisetsu;
			packageProductDependencies = (
			);
			productName = Taisetsu;
			productReference = 09C6475F588A6AAECAFC4D45 /* Taisetsu.app */;
			productType = "com.apple.product-type.application";
		};
		697D2246A7E841D859E844F4 /* TaisetsuWidget */ = {
			isa = PBXNativeTarget;
			buildConfigurationList = 8A4968E1EAC74BD47FE8A3C7 /* Build configuration list for PBXNativeTarget "TaisetsuWidget" */;
			buildPhases = (
				F5ED8CC0DBB21F55CCAEFFA6 /* Sources */,
				0C9E872ACECEEFAEDEED492D /* Resources */,
				B5C73630B26F4F2FF5878DC2 /* Frameworks */,
			);
			buildRules = (
			);
			dependencies = (
				D92C7C0AFB2CEF6738417197 /* PBXTargetDependency */,
			);
			name = TaisetsuWidget;
			packageProductDependencies = (
			);
			productName = TaisetsuWidget;
			productReference = 41AE6EF312DD4D4D4C9F2BA5 /* TaisetsuWidget.appex */;
			productType = "com.apple.product-type.app-extension";
		};
		75F010D856BABB5DA507B166 /* TaisetsuCore */ = {
			isa = PBXNativeTarget;
			buildConfigurationList = 0AA925E03F6AD3C6F5521455 /* Build configuration list for PBXNativeTarget "TaisetsuCore" */;
			buildPhases = (
				3E290CADD638409177F5816E /* Sources */,
			);
			buildRules = (
			);
			dependencies = (
			);
			name = TaisetsuCore;
			packageProductDependencies = (
			);
			productName = TaisetsuCore;
			productReference = 519ED232110A050B623F9CED /* TaisetsuCore.framework */;
			productType = "com.apple.product-type.framework";
		};
		B6A2AD286416A9F18371011B /* TaisetsuUITests */ = {
			isa = PBXNativeTarget;
			buildConfigurationList = 5AA0C91C2ABA7E9FE2A52863 /* Build configuration list for PBXNativeTarget "TaisetsuUITests" */;
			buildPhases = (
				F33A6E31C476DFF27873FE34 /* Sources */,
			);
			buildRules = (
			);
			dependencies = (
				2D252E4E1D871A7C35F57E66 /* PBXTargetDependency */,
			);
			name = TaisetsuUITests;
			packageProductDependencies = (
			);
			productName = TaisetsuUITests;
			productReference = 70F6DC5C64DF57C25D6388B7 /* TaisetsuUITests.xctest */;
			productType = "com.apple.product-type.bundle.ui-testing";
		};
		C911BF6EAED08906F035DDE7 /* TaisetsuTests */ = {
			isa = PBXNativeTarget;
			buildConfigurationList = 5708EE890ED4E7F261C9FDC6 /* Build configuration list for PBXNativeTarget "TaisetsuTests" */;
			buildPhases = (
				5B65D13FAB39C0F848A0B6B8 /* Sources */,
				AEB7A3A5E457144DE4FF73BB /* Frameworks */,
				99566091B4FDE7D288F3C47A /* Embed Frameworks */,
			);
			buildRules = (
			);
			dependencies = (
				B352B66ACFB70CE91443564D /* PBXTargetDependency */,
				5FB4EE47E6F99AAEAF5F1BE1 /* PBXTargetDependency */,
			);
			name = TaisetsuTests;
			packageProductDependencies = (
			);
			productName = TaisetsuTests;
			productReference = 5D8FC53E5FD7F0BF65743792 /* TaisetsuTests.xctest */;
			productType = "com.apple.product-type.bundle.unit-test";
		};
/* End PBXNativeTarget section */

/* Begin PBXProject section */
		4166740FB102B51BD4ECC5D7 /* Project object */ = {
			isa = PBXProject;
			attributes = {
				BuildIndependentTargetsInParallel = YES;
				LastUpgradeCheck = 1430;
				TargetAttributes = {
					32567D8752B6AC431B64F6F5 = {
						DevelopmentTeam = 2FBFFBNMS3;
					};
					B6A2AD286416A9F18371011B = {
						TestTargetID = 32567D8752B6AC431B64F6F5;
					};
				};
			};
			buildConfigurationList = 424B14627DB0B23F327CA3FF /* Build configuration list for PBXProject "Taisetsu" */;
			developmentRegion = en;
			hasScannedForEncodings = 0;
			knownRegions = (
				Base,
				ar,
				de,
				en,
				es,
				fr,
				it,
				ja,
				ko,
				"pt-BR",
				"zh-Hans",
				"zh-Hant",
			);
			mainGroup = 7A331454DDA5E34C490207F5;
			minimizedProjectReferenceProxies = 1;
			preferredProjectObjectVersion = 77;
			productRefGroup = 8CCD02DBCCF08D54655E565C /* Products */;
			projectDirPath = "";
			projectRoot = "";
			targets = (
				75F010D856BABB5DA507B166 /* TaisetsuCore */,
				32567D8752B6AC431B64F6F5 /* Taisetsu */,
				697D2246A7E841D859E844F4 /* TaisetsuWidget */,
				C911BF6EAED08906F035DDE7 /* TaisetsuTests */,
				B6A2AD286416A9F18371011B /* TaisetsuUITests */,
			);
		};
/* End PBXProject section */

/* Begin PBXResourcesBuildPhase section */
		0C9E872ACECEEFAEDEED492D /* Resources */ = {
			isa = PBXResourcesBuildPhase;
			buildActionMask = 2147483647;
			files = (
				9CEBA90636874E332A5A7768 /* Localizable.xcstrings in Resources */,
			);
			runOnlyForDeploymentPostprocessing = 0;
		};
		6330D420FAC7A6BEC2907019 /* Resources */ = {
			isa = PBXResourcesBuildPhase;
			buildActionMask = 2147483647;
			files = (
				36A87A1D902063C8269188F5 /* Assets.xcassets in Resources */,
				23387F65C27521E778FBA1E3 /* InfoPlist.xcstrings in Resources */,
				55151610E74B99421A31E117 /* Localizable.xcstrings in Resources */,
				BF21F571CCDA0AD2F6E02DF9 /* PrivacyInfo.xcprivacy in Resources */,
			);
			runOnlyForDeploymentPostprocessing = 0;
		};
/* End PBXResourcesBuildPhase section */

/* Begin PBXSourcesBuildPhase section */
		3E290CADD638409177F5816E /* Sources */ = {
			isa = PBXSourcesBuildPhase;
			buildActionMask = 2147483647;
			files = (
				58335A400259A53B4124BD36 /* AnniversaryFilter.swift in Sources */,
				24100EECB5B5085B8C9ED58A /* AnniversaryOrdering.swift in Sources */,
				AFF33552FA4F4EC97A846CB0 /* AnniversaryRecord.swift in Sources */,
				8A8575C564CB1B6313FFA6AC /* AppConfiguration.swift in Sources */,
				5F89CB34BECC58E68ED5027A /* CalendarKind.swift in Sources */,
				FFF664DA2036D714997C4F23 /* CalendarSyncBackoff.swift in Sources */,
				29A2DF99291A87907D3FB747 /* CalendarSyncScope.swift in Sources */,
				FDBE07C5C87528500E4534A1 /* CalendarSyncState.swift in Sources */,
				BE78D827884B8E3EEA986D4E /* DisplayMode.swift in Sources */,
				41E1FA37B50D8E91C42F3015 /* Occurrence.swift in Sources */,
				EE0D99F1D5FBAD10750E9C23 /* OccurrenceCalculator.swift in Sources */,
				C8F41CB7D4E2CF4EA81E1556 /* RecurrenceRule.swift in Sources */,
				BC1CA20A67E3AD48897C5306 /* ReminderSpec.swift in Sources */,
				7C7044F35938D05E17627820 /* WidgetSnapshot.swift in Sources */,
			);
			runOnlyForDeploymentPostprocessing = 0;
		};
		5289B1318FE89B15ECD75BE9 /* Sources */ = {
			isa = PBXSourcesBuildPhase;
			buildActionMask = 2147483647;
			files = (
				B097B20758DF608C8CF1A700 /* AnniversaryDetailView.swift in Sources */,
				82B79F462A7F3E653FA1DEC3 /* AnniversaryDraft.swift in Sources */,
				965C169514B68E1341C4C454 /* AnniversaryEditorView.swift in Sources */,
				77DD0E43E89E18B257C0C6DF /* AnniversaryEditorViewModel.swift in Sources */,
				E8F6FE98C69AD63BAA1A9BF4 /* AnniversaryFormatters.swift in Sources */,
				467C35E6C00FBD65941B5C00 /* AnniversaryHeroCard.swift in Sources */,
				CB459CBFBAD5CAB2CD36DBD8 /* AnniversaryModel.swift in Sources */,
				B6649AE0EA4A5779C180E534 /* AnniversaryRepository.swift in Sources */,
				84EF2089CD2404E49317FD7C /* AnniversaryRow.swift in Sources */,
				19FC41034D9F18DF8DE31DD3 /* AppDependencies.swift in Sources */,
				724C7DC69A937D55665256B3 /* AppLocalization.swift in Sources */,
				DA0B9DFE1F781C96F7DE7D1C /* AppRootView.swift in Sources */,
				C10759871A7CFAA3B2664002 /* CalendarAutoSyncService.swift in Sources */,
				36A49DC666FF21C846E1AD3A /* CalendarExportService.swift in Sources */,
				4E9D8D5FEDD70FC7A22D95F8 /* CalendarSyncModel.swift in Sources */,
				ABEC3693C69A8BF50A628B1C /* CalendarSyncPromptCoordinator.swift in Sources */,
				8559266BD2C304AA74B8FB2D /* CalendarSyncRepository.swift in Sources */,
				99C6FE85767732F0603B3E55 /* CalendarView.swift in Sources */,
				BDCADEE41E853018713B14C0 /* CategoryManagerView.swift in Sources */,
				7C3FD280C67613E7761C690C /* CategoryModel.swift in Sources */,
				CC88F81938AC52427C4D4571 /* CategoryStyle.swift in Sources */,
				451322F0897AAC890F61494C /* CategoryTagSection.swift in Sources */,
				E9773AF27C5B30DE33EE0056 /* DateRuleSection.swift in Sources */,
				7A2846CCAC81D1ADF6887EF3 /* DefaultCategorySeeder.swift in Sources */,
				CEB42D178570E9F392A1BF3F /* EventStoreClient.swift in Sources */,
				71AF62E576A432F4065F8594 /* HomeView.swift in Sources */,
				E7B372FCAAF17694ED85CC21 /* HomeViewModel.swift in Sources */,
				F6964829154E3E564F13DBDE /* ModelContainerFactory.swift in Sources */,
				CE7CAE96D645596B761EAA8D /* NotificationCenterClient.swift in Sources */,
				090520931B5F2C1F25BC6CF9 /* ReconciliationCoordinator.swift in Sources */,
				F299545AE132BC1CC3C97745 /* RecurrencePreview.swift in Sources */,
				BC79E0E63BED272F124BE489 /* RecurrenceSection.swift in Sources */,
				2DCAD6C8EB7D821113BBBA68 /* ReminderRuleModel.swift in Sources */,
				990000A1E8C8982218591032 /* ReminderScheduler.swift in Sources */,
				A324676D8A70F52A6070FAE5 /* ReminderSection.swift in Sources */,
				B26C64750817AE9D824A5949 /* SettingsView.swift in Sources */,
				B410C25AD4F94FA8432E148E /* TagManagerView.swift in Sources */,
				9BE468192B4DB810B9B1DB6C /* TagModel.swift in Sources */,
				C17AECF59266C6C1D8CB698D /* TaisetsuApp.swift in Sources */,
				8A4A6F43414237201094F81D /* WidgetSnapshotStore.swift in Sources */,
			);
			runOnlyForDeploymentPostprocessing = 0;
		};
		5B65D13FAB39C0F848A0B6B8 /* Sources */ = {
			isa = PBXSourcesBuildPhase;
			buildActionMask = 2147483647;
			files = (
				F6D88F8EFF76C7ADFEA21B0B /* AnniversaryEditorViewModelTests.swift in Sources */,
				5CECA292EB056DA23375FAC6 /* AnniversaryFilterTests.swift in Sources */,
				682007556D0828D7BD245395 /* AnniversaryOrderingTests.swift in Sources */,
				21852232F07E99DB5F7FE501 /* AnniversaryRepositoryTests.swift in Sources */,
				F862B10036AC0A3770F8AC89 /* AppLocalizationTests.swift in Sources */,
				37434D6AF44E9B70B4664B74 /* CalendarAutoSyncServiceTests.swift in Sources */,
				C37294C9F6163C8838FB5395 /* CalendarExportServiceTests.swift in Sources */,
				D909814C12518503006852D6 /* CalendarSyncBackoffTests.swift in Sources */,
				FDE8EB11E3222D2C1104D2E9 /* CalendarSyncRepositoryTests.swift in Sources */,
				ABC06A3C8DEFA15B25EFD93C /* CalendarSyncScopeTests.swift in Sources */,
				29183FE758B91A1A12F2D257 /* CategoryTagManagementTests.swift in Sources */,
				F215DDF796DEAFABD37378F8 /* DefaultCategorySeederTests.swift in Sources */,
				E5FA2B4E38A9F54CB0985DB8 /* HomeViewModelTests.swift in Sources */,
				0A7C0A5BE3176B4BC7B04E9A /* OccurrenceCalculatorTests.swift in Sources */,
				C6FEDD1137F11C0091D8E1D0 /* ProjectFoundationTests.swift in Sources */,
				399F2C08D277E643A5628CF3 /* ReminderSchedulerTests.swift in Sources */,
				DBDEEC1D7A45B7D1A4DC5368 /* WidgetSelectionTests.swift in Sources */,
				74D067A4C9CA6D7D4B1FF51B /* WidgetSnapshotStoreTests.swift in Sources */,
			);
			runOnlyForDeploymentPostprocessing = 0;
		};
		F33A6E31C476DFF27873FE34 /* Sources */ = {
			isa = PBXSourcesBuildPhase;
			buildActionMask = 2147483647;
			files = (
				3D473EF337384CB5B6B968B7 /* TaisetsuUITests.swift in Sources */,
				52F67F501D11D476E763E208 /* TaisetsuUITestsLaunchTests.swift in Sources */,
			);
			runOnlyForDeploymentPostprocessing = 0;
		};
		F5ED8CC0DBB21F55CCAEFFA6 /* Sources */ = {
			isa = PBXSourcesBuildPhase;
			buildActionMask = 2147483647;
			files = (
				9648C1215712CFDF205D7F6B /* TaisetsuWidget.swift in Sources */,
				8E80724D418BF49BDE0DD756 /* TaisetsuWidgetBundle.swift in Sources */,
				D7568B8B10DED9828A0434F2 /* TaisetsuWidgetEntry.swift in Sources */,
				B561D576904A0BA18F88DB0A /* TaisetsuWidgetView.swift in Sources */,
			);
			runOnlyForDeploymentPostprocessing = 0;
		};
/* End PBXSourcesBuildPhase section */

/* Begin PBXTargetDependency section */
		2D252E4E1D871A7C35F57E66 /* PBXTargetDependency */ = {
			isa = PBXTargetDependency;
			target = 32567D8752B6AC431B64F6F5 /* Taisetsu */;
			targetProxy = 4F6B325F6F098779ACE0AB9C /* PBXContainerItemProxy */;
		};
		5FB4EE47E6F99AAEAF5F1BE1 /* PBXTargetDependency */ = {
			isa = PBXTargetDependency;
			target = 32567D8752B6AC431B64F6F5 /* Taisetsu */;
			targetProxy = 547027FFA4F275A023D1FC30 /* PBXContainerItemProxy */;
		};
		7BE72028E7F01055D24F2A05 /* PBXTargetDependency */ = {
			isa = PBXTargetDependency;
			target = 697D2246A7E841D859E844F4 /* TaisetsuWidget */;
			targetProxy = FCF21F85303957C069FBE73E /* PBXContainerItemProxy */;
		};
		B352B66ACFB70CE91443564D /* PBXTargetDependency */ = {
			isa = PBXTargetDependency;
			target = 75F010D856BABB5DA507B166 /* TaisetsuCore */;
			targetProxy = B46437AEBA35344FA12AA114 /* PBXContainerItemProxy */;
		};
		D38D6C2AD280F99AF0BD4FBD /* PBXTargetDependency */ = {
			isa = PBXTargetDependency;
			target = 75F010D856BABB5DA507B166 /* TaisetsuCore */;
			targetProxy = A4A34D0D5F3BFF6A4897C14B /* PBXContainerItemProxy */;
		};
		D92C7C0AFB2CEF6738417197 /* PBXTargetDependency */ = {
			isa = PBXTargetDependency;
			target = 75F010D856BABB5DA507B166 /* TaisetsuCore */;
			targetProxy = 811D1EB53D190B1F0CD61CB7 /* PBXContainerItemProxy */;
		};
/* End PBXTargetDependency section */

/* Begin XCBuildConfiguration section */
		352762BD5F64CE84AAF8D90D /* Debug */ = {
			isa = XCBuildConfiguration;
			buildSettings = {
				ALWAYS_SEARCH_USER_PATHS = NO;
				CLANG_ANALYZER_NONNULL = YES;
				CLANG_ANALYZER_NUMBER_OBJECT_CONVERSION = YES_AGGRESSIVE;
				CLANG_CXX_LANGUAGE_STANDARD = "gnu++14";
				CLANG_CXX_LIBRARY = "libc++";
				CLANG_ENABLE_MODULES = YES;
				CLANG_ENABLE_OBJC_ARC = YES;
				CLANG_ENABLE_OBJC_WEAK = YES;
				CLANG_WARN_BLOCK_CAPTURE_AUTORELEASING = YES;
				CLANG_WARN_BOOL_CONVERSION = YES;
				CLANG_WARN_COMMA = YES;
				CLANG_WARN_CONSTANT_CONVERSION = YES;
				CLANG_WARN_DEPRECATED_OBJC_IMPLEMENTATIONS = YES;
				CLANG_WARN_DIRECT_OBJC_ISA_USAGE = YES_ERROR;
				CLANG_WARN_DOCUMENTATION_COMMENTS = YES;
				CLANG_WARN_EMPTY_BODY = YES;
				CLANG_WARN_ENUM_CONVERSION = YES;
				CLANG_WARN_INFINITE_RECURSION = YES;
				CLANG_WARN_INT_CONVERSION = YES;
				CLANG_WARN_NON_LITERAL_NULL_CONVERSION = YES;
				CLANG_WARN_OBJC_IMPLICIT_RETAIN_SELF = YES;
				CLANG_WARN_OBJC_LITERAL_CONVERSION = YES;
				CLANG_WARN_OBJC_ROOT_CLASS = YES_ERROR;
				CLANG_WARN_QUOTED_INCLUDE_IN_FRAMEWORK_HEADER = YES;
				CLANG_WARN_RANGE_LOOP_ANALYSIS = YES;
				CLANG_WARN_STRICT_PROTOTYPES = YES;
				CLANG_WARN_SUSPICIOUS_MOVE = YES;
				CLANG_WARN_UNGUARDED_AVAILABILITY = YES_AGGRESSIVE;
				CLANG_WARN_UNREACHABLE_CODE = YES;
				CLANG_WARN__DUPLICATE_METHOD_MATCH = YES;
				COPY_PHASE_STRIP = NO;
				CURRENT_PROJECT_VERSION = 1;
				DEBUG_INFORMATION_FORMAT = dwarf;
				ENABLE_STRICT_OBJC_MSGSEND = YES;
				ENABLE_TESTABILITY = YES;
				ENABLE_USER_SCRIPT_SANDBOXING = YES;
				GCC_C_LANGUAGE_STANDARD = gnu11;
				GCC_DYNAMIC_NO_PIC = NO;
				GCC_NO_COMMON_BLOCKS = YES;
				GCC_OPTIMIZATION_LEVEL = 0;
				GCC_PREPROCESSOR_DEFINITIONS = (
					"$(inherited)",
					"DEBUG=1",
				);
				GCC_WARN_64_TO_32_BIT_CONVERSION = YES;
				GCC_WARN_ABOUT_RETURN_TYPE = YES_ERROR;
				GCC_WARN_UNDECLARED_SELECTOR = YES;
				GCC_WARN_UNINITIALIZED_AUTOS = YES_AGGRESSIVE;
				GCC_WARN_UNUSED_FUNCTION = YES;
				GCC_WARN_UNUSED_VARIABLE = YES;
				IPHONEOS_DEPLOYMENT_TARGET = 18.0;
				MARKETING_VERSION = 1.0.0;
				MTL_ENABLE_DEBUG_INFO = INCLUDE_SOURCE;
				MTL_FAST_MATH = YES;
				ONLY_ACTIVE_ARCH = YES;
				PRODUCT_NAME = "$(TARGET_NAME)";
				SDKROOT = iphoneos;
				SWIFT_ACTIVE_COMPILATION_CONDITIONS = DEBUG;
				SWIFT_OPTIMIZATION_LEVEL = "-Onone";
				SWIFT_STRICT_CONCURRENCY = complete;
				SWIFT_VERSION = 6.0;
			};
			name = Debug;
		};
		4515BA363416D78C19AFF970 /* Debug */ = {
			isa = XCBuildConfiguration;
			buildSettings = {
				CODE_SIGN_ENTITLEMENTS = TaisetsuWidget/TaisetsuWidget.entitlements;
				INFOPLIST_FILE = TaisetsuWidget/Info.plist;
				LD_RUNPATH_SEARCH_PATHS = (
					"$(inherited)",
					"@executable_path/Frameworks",
					"@executable_path/../../Frameworks",
				);
				PRODUCT_BUNDLE_IDENTIFIER = com.dyz.Taisetsu.Widget;
				SDKROOT = iphoneos;
				SKIP_INSTALL = YES;
				TARGETED_DEVICE_FAMILY = "1,2";
			};
			name = Debug;
		};
		45271410BE463599CB4D156F /* Release */ = {
			isa = XCBuildConfiguration;
			buildSettings = {
				BUNDLE_LOADER = "$(TEST_HOST)";
				GENERATE_INFOPLIST_FILE = YES;
				LD_RUNPATH_SEARCH_PATHS = (
					"$(inherited)",
					"@executable_path/Frameworks",
					"@loader_path/Frameworks",
				);
				PRODUCT_BUNDLE_IDENTIFIER = com.dyz.TaisetsuUITests;
				SDKROOT = iphoneos;
				TARGETED_DEVICE_FAMILY = "1,2";
				TEST_TARGET_NAME = Taisetsu;
			};
			name = Release;
		};
		495403B69A28530421819B41 /* Debug */ = {
			isa = XCBuildConfiguration;
			buildSettings = {
				BUNDLE_LOADER = "$(TEST_HOST)";
				GENERATE_INFOPLIST_FILE = YES;
				LD_RUNPATH_SEARCH_PATHS = (
					"$(inherited)",
					"@executable_path/Frameworks",
					"@loader_path/Frameworks",
				);
				PRODUCT_BUNDLE_IDENTIFIER = com.dyz.TaisetsuUITests;
				SDKROOT = iphoneos;
				TARGETED_DEVICE_FAMILY = "1,2";
				TEST_TARGET_NAME = Taisetsu;
			};
			name = Debug;
		};
		58FF8340FAF1E9143D983362 /* Release */ = {
			isa = XCBuildConfiguration;
			buildSettings = {
				CODE_SIGN_ENTITLEMENTS = TaisetsuWidget/TaisetsuWidget.entitlements;
				INFOPLIST_FILE = TaisetsuWidget/Info.plist;
				LD_RUNPATH_SEARCH_PATHS = (
					"$(inherited)",
					"@executable_path/Frameworks",
					"@executable_path/../../Frameworks",
				);
				PRODUCT_BUNDLE_IDENTIFIER = com.dyz.Taisetsu.Widget;
				SDKROOT = iphoneos;
				SKIP_INSTALL = YES;
				TARGETED_DEVICE_FAMILY = "1,2";
			};
			name = Release;
		};
		698BB4B8BB34F4F602090A76 /* Release */ = {
			isa = XCBuildConfiguration;
			buildSettings = {
				CODE_SIGN_IDENTITY = "";
				CURRENT_PROJECT_VERSION = 1;
				DEFINES_MODULE = YES;
				DYLIB_COMPATIBILITY_VERSION = 1;
				DYLIB_CURRENT_VERSION = 1;
				DYLIB_INSTALL_NAME_BASE = "@rpath";
				GENERATE_INFOPLIST_FILE = YES;
				INSTALL_PATH = "$(LOCAL_LIBRARY_DIR)/Frameworks";
				LD_RUNPATH_SEARCH_PATHS = (
					"$(inherited)",
					"@executable_path/Frameworks",
				);
				PRODUCT_BUNDLE_IDENTIFIER = com.dyz.TaisetsuCore;
				PRODUCT_NAME = TaisetsuCore;
				SDKROOT = iphoneos;
				SKIP_INSTALL = YES;
				TARGETED_DEVICE_FAMILY = "1,2";
				VERSIONING_SYSTEM = "apple-generic";
			};
			name = Release;
		};
		8B228B8D7217751005008530 /* Debug */ = {
			isa = XCBuildConfiguration;
			buildSettings = {
				BUNDLE_LOADER = "$(TEST_HOST)";
				GENERATE_INFOPLIST_FILE = YES;
				LD_RUNPATH_SEARCH_PATHS = (
					"$(inherited)",
					"@executable_path/Frameworks",
					"@loader_path/Frameworks",
				);
				PRODUCT_BUNDLE_IDENTIFIER = com.dyz.TaisetsuTests;
				SDKROOT = iphoneos;
				TARGETED_DEVICE_FAMILY = "1,2";
				TEST_HOST = "$(BUILT_PRODUCTS_DIR)/Taisetsu.app/Taisetsu";
			};
			name = Debug;
		};
		902E6444B168568AD4C5AC89 /* Release */ = {
			isa = XCBuildConfiguration;
			buildSettings = {
				BUNDLE_LOADER = "$(TEST_HOST)";
				GENERATE_INFOPLIST_FILE = YES;
				LD_RUNPATH_SEARCH_PATHS = (
					"$(inherited)",
					"@executable_path/Frameworks",
					"@loader_path/Frameworks",
				);
				PRODUCT_BUNDLE_IDENTIFIER = com.dyz.TaisetsuTests;
				SDKROOT = iphoneos;
				TARGETED_DEVICE_FAMILY = "1,2";
				TEST_HOST = "$(BUILT_PRODUCTS_DIR)/Taisetsu.app/Taisetsu";
			};
			name = Release;
		};
		B436CBE0729C865064C4225E /* Debug */ = {
			isa = XCBuildConfiguration;
			buildSettings = {
				CODE_SIGN_IDENTITY = "";
				CURRENT_PROJECT_VERSION = 1;
				DEFINES_MODULE = YES;
				DYLIB_COMPATIBILITY_VERSION = 1;
				DYLIB_CURRENT_VERSION = 1;
				DYLIB_INSTALL_NAME_BASE = "@rpath";
				GENERATE_INFOPLIST_FILE = YES;
				INSTALL_PATH = "$(LOCAL_LIBRARY_DIR)/Frameworks";
				LD_RUNPATH_SEARCH_PATHS = (
					"$(inherited)",
					"@executable_path/Frameworks",
				);
				PRODUCT_BUNDLE_IDENTIFIER = com.dyz.TaisetsuCore;
				PRODUCT_NAME = TaisetsuCore;
				SDKROOT = iphoneos;
				SKIP_INSTALL = YES;
				TARGETED_DEVICE_FAMILY = "1,2";
				VERSIONING_SYSTEM = "apple-generic";
			};
			name = Debug;
		};
		C3144ED50AEB85C92C035F37 /* Debug */ = {
			isa = XCBuildConfiguration;
			buildSettings = {
				APS_ENVIRONMENT = development;
				ASSETCATALOG_COMPILER_APPICON_NAME = AppIcon;
				ASSETCATALOG_COMPILER_GLOBAL_ACCENT_COLOR_NAME = AccentColor;
				CODE_SIGN_ENTITLEMENTS = Taisetsu/Taisetsu.entitlements;
				CODE_SIGN_IDENTITY = "iPhone Developer";
				DEVELOPMENT_TEAM = 2FBFFBNMS3;
				INFOPLIST_FILE = Taisetsu/Info.plist;
				INFOPLIST_KEY_LSApplicationCategoryType = "public.app-category.lifestyle";
				LD_RUNPATH_SEARCH_PATHS = (
					"$(inherited)",
					"@executable_path/Frameworks",
				);
				PRODUCT_BUNDLE_IDENTIFIER = com.dyz.Taisetsu;
				SDKROOT = iphoneos;
				TARGETED_DEVICE_FAMILY = "1,2";
			};
			name = Debug;
		};
		DC2EC0396681761F2D2BD69F /* Release */ = {
			isa = XCBuildConfiguration;
			buildSettings = {
				APS_ENVIRONMENT = production;
				ASSETCATALOG_COMPILER_APPICON_NAME = AppIcon;
				ASSETCATALOG_COMPILER_GLOBAL_ACCENT_COLOR_NAME = AccentColor;
				CODE_SIGN_ENTITLEMENTS = Taisetsu/Taisetsu.entitlements;
				CODE_SIGN_IDENTITY = "iPhone Developer";
				DEVELOPMENT_TEAM = 2FBFFBNMS3;
				INFOPLIST_FILE = Taisetsu/Info.plist;
				INFOPLIST_KEY_LSApplicationCategoryType = "public.app-category.lifestyle";
				LD_RUNPATH_SEARCH_PATHS = (
					"$(inherited)",
					"@executable_path/Frameworks",
				);
				PRODUCT_BUNDLE_IDENTIFIER = com.dyz.Taisetsu;
				SDKROOT = iphoneos;
				TARGETED_DEVICE_FAMILY = "1,2";
			};
			name = Release;
		};
		E42E32C2CE82D4F85438CF1F /* Release */ = {
			isa = XCBuildConfiguration;
			buildSettings = {
				ALWAYS_SEARCH_USER_PATHS = NO;
				CLANG_ANALYZER_NONNULL = YES;
				CLANG_ANALYZER_NUMBER_OBJECT_CONVERSION = YES_AGGRESSIVE;
				CLANG_CXX_LANGUAGE_STANDARD = "gnu++14";
				CLANG_CXX_LIBRARY = "libc++";
				CLANG_ENABLE_MODULES = YES;
				CLANG_ENABLE_OBJC_ARC = YES;
				CLANG_ENABLE_OBJC_WEAK = YES;
				CLANG_WARN_BLOCK_CAPTURE_AUTORELEASING = YES;
				CLANG_WARN_BOOL_CONVERSION = YES;
				CLANG_WARN_COMMA = YES;
				CLANG_WARN_CONSTANT_CONVERSION = YES;
				CLANG_WARN_DEPRECATED_OBJC_IMPLEMENTATIONS = YES;
				CLANG_WARN_DIRECT_OBJC_ISA_USAGE = YES_ERROR;
				CLANG_WARN_DOCUMENTATION_COMMENTS = YES;
				CLANG_WARN_EMPTY_BODY = YES;
				CLANG_WARN_ENUM_CONVERSION = YES;
				CLANG_WARN_INFINITE_RECURSION = YES;
				CLANG_WARN_INT_CONVERSION = YES;
				CLANG_WARN_NON_LITERAL_NULL_CONVERSION = YES;
				CLANG_WARN_OBJC_IMPLICIT_RETAIN_SELF = YES;
				CLANG_WARN_OBJC_LITERAL_CONVERSION = YES;
				CLANG_WARN_OBJC_ROOT_CLASS = YES_ERROR;
				CLANG_WARN_QUOTED_INCLUDE_IN_FRAMEWORK_HEADER = YES;
				CLANG_WARN_RANGE_LOOP_ANALYSIS = YES;
				CLANG_WARN_STRICT_PROTOTYPES = YES;
				CLANG_WARN_SUSPICIOUS_MOVE = YES;
				CLANG_WARN_UNGUARDED_AVAILABILITY = YES_AGGRESSIVE;
				CLANG_WARN_UNREACHABLE_CODE = YES;
				CLANG_WARN__DUPLICATE_METHOD_MATCH = YES;
				COPY_PHASE_STRIP = NO;
				CURRENT_PROJECT_VERSION = 1;
				DEBUG_INFORMATION_FORMAT = "dwarf-with-dsym";
				ENABLE_NS_ASSERTIONS = NO;
				ENABLE_STRICT_OBJC_MSGSEND = YES;
				ENABLE_USER_SCRIPT_SANDBOXING = YES;
				GCC_C_LANGUAGE_STANDARD = gnu11;
				GCC_NO_COMMON_BLOCKS = YES;
				GCC_WARN_64_TO_32_BIT_CONVERSION = YES;
				GCC_WARN_ABOUT_RETURN_TYPE = YES_ERROR;
				GCC_WARN_UNDECLARED_SELECTOR = YES;
				GCC_WARN_UNINITIALIZED_AUTOS = YES_AGGRESSIVE;
				GCC_WARN_UNUSED_FUNCTION = YES;
				GCC_WARN_UNUSED_VARIABLE = YES;
				IPHONEOS_DEPLOYMENT_TARGET = 18.0;
				MARKETING_VERSION = 1.0.0;
				MTL_ENABLE_DEBUG_INFO = NO;
				MTL_FAST_MATH = YES;
				PRODUCT_NAME = "$(TARGET_NAME)";
				SDKROOT = iphoneos;
				SWIFT_COMPILATION_MODE = wholemodule;
				SWIFT_OPTIMIZATION_LEVEL = "-O";
				SWIFT_STRICT_CONCURRENCY = complete;
				SWIFT_VERSION = 6.0;
			};
			name = Release;
		};
/* End XCBuildConfiguration section */

/* Begin XCConfigurationList section */
		0AA925E03F6AD3C6F5521455 /* Build configuration list for PBXNativeTarget "TaisetsuCore" */ = {
			isa = XCConfigurationList;
			buildConfigurations = (
				B436CBE0729C865064C4225E /* Debug */,
				698BB4B8BB34F4F602090A76 /* Release */,
			);
			defaultConfigurationIsVisible = 0;
			defaultConfigurationName = Debug;
		};
		424B14627DB0B23F327CA3FF /* Build configuration list for PBXProject "Taisetsu" */ = {
			isa = XCConfigurationList;
			buildConfigurations = (
				352762BD5F64CE84AAF8D90D /* Debug */,
				E42E32C2CE82D4F85438CF1F /* Release */,
			);
			defaultConfigurationIsVisible = 0;
			defaultConfigurationName = Debug;
		};
		5708EE890ED4E7F261C9FDC6 /* Build configuration list for PBXNativeTarget "TaisetsuTests" */ = {
			isa = XCConfigurationList;
			buildConfigurations = (
				8B228B8D7217751005008530 /* Debug */,
				902E6444B168568AD4C5AC89 /* Release */,
			);
			defaultConfigurationIsVisible = 0;
			defaultConfigurationName = Debug;
		};
		5AA0C91C2ABA7E9FE2A52863 /* Build configuration list for PBXNativeTarget "TaisetsuUITests" */ = {
			isa = XCConfigurationList;
			buildConfigurations = (
				495403B69A28530421819B41 /* Debug */,
				45271410BE463599CB4D156F /* Release */,
			);
			defaultConfigurationIsVisible = 0;
			defaultConfigurationName = Debug;
		};
		69A0BA61845F76694E5E2122 /* Build configuration list for PBXNativeTarget "Taisetsu" */ = {
			isa = XCConfigurationList;
			buildConfigurations = (
				C3144ED50AEB85C92C035F37 /* Debug */,
				DC2EC0396681761F2D2BD69F /* Release */,
			);
			defaultConfigurationIsVisible = 0;
			defaultConfigurationName = Debug;
		};
		8A4968E1EAC74BD47FE8A3C7 /* Build configuration list for PBXNativeTarget "TaisetsuWidget" */ = {
			isa = XCConfigurationList;
			buildConfigurations = (
				4515BA363416D78C19AFF970 /* Debug */,
				58FF8340FAF1E9143D983362 /* Release */,
			);
			defaultConfigurationIsVisible = 0;
			defaultConfigurationName = Debug;
		};
/* End XCConfigurationList section */
	};
	rootObject = 4166740FB102B51BD4ECC5D7 /* Project object */;
}
